// !$*UTF8*$!
{
	archiveVersion = 1;
	classes = {
	};
	objectVersion = 56;
	objects = {

/* Begin PBXBuildFile section */
		1105E83C2B57CA3200E4D5CA /* AppDelegate.swift in Sources */ = {isa = PBXBuildFile; fileRef = 1105E83B2B57CA3200E4D5CA /* AppDelegate.swift */; };
		1105E83E2B57CA3200E4D5CA /* SceneDelegate.swift in Sources */ = {isa = PBXBuildFile; fileRef = 1105E83D2B57CA3200E4D5CA /* SceneDelegate.swift */; };
		1105E8402B57CA3200E4D5CA /* HomeViewController.swift in Sources */ = {isa = PBXBuildFile; fileRef = 1105E83F2B57CA3200E4D5CA /* HomeViewController.swift */; };
		1105E8432B57CA3200E4D5CA /* Main.storyboard in Resources */ = {isa = PBXBuildFile; fileRef = 1105E8412B57CA3200E4D5CA /* Main.storyboard */; };
		1105E8452B57CA3400E4D5CA /* Assets.xcassets in Resources */ = {isa = PBXBuildFile; fileRef = 1105E8442B57CA3400E4D5CA /* Assets.xcassets */; };
		1105E8482B57CA3400E4D5CA /* LaunchScreen.storyboard in Resources */ = {isa = PBXBuildFile; fileRef = 1105E8462B57CA3400E4D5CA /* LaunchScreen.storyboard */; };
		1105E8502B57CA5F00E4D5CA /* LoginViewController.swift in Sources */ = {isa = PBXBuildFile; fileRef = 1105E84F2B57CA5F00E4D5CA /* LoginViewController.swift */; };
		1159E6092B58BE5D003AFB74 /* HomeViewModel.swift in Sources */ = {isa = PBXBuildFile; fileRef = 1159E6082B58BE5D003AFB74 /* HomeViewModel.swift */; };
		118E5EA42B5877BB00519867 /* User.swift in Sources */ = {isa = PBXBuildFile; fileRef = 118E5EA32B5877BB00519867 /* User.swift */; };
		118E5EA62B58780900519867 /* LoginViewModel.swift in Sources */ = {isa = PBXBuildFile; fileRef = 118E5EA52B58780900519867 /* LoginViewModel.swift */; };
		118E5EA92B58789C00519867 /* ObservableObject.swift in Sources */ = {isa = PBXBuildFile; fileRef = 118E5EA82B58789C00519867 /* ObservableObject.swift */; };
		118E5EAB2B587C6000519867 /* NetworkService.swift in Sources */ = {isa = PBXBuildFile; fileRef = 118E5EAA2B587C6000519867 /* NetworkService.swift */; };
/* End PBXBuildFile section */

/* Begin PBXFileReference section */
		1105E8382B57CA3200E4D5CA /* MVVM_Okwara.app */ = {isa = PBXFileReference; explicitFileType = wrapper.application; includeInIndex = 0; path = MVVM_Okwara.app; sourceTree = BUILT_PRODUCTS_DIR; };
		1105E83B2B57CA3200E4D5CA /* AppDelegate.swift */ = {isa = PBXFileReference; lastKnownFileType = sourcecode.swift; path = AppDelegate.swift; sourceTree = "<group>"; };
		1105E83D2B57CA3200E4D5CA /* SceneDelegate.swift */ = {isa = PBXFileReference; lastKnownFileType = sourcecode.swift; path = SceneDelegate.swift; sourceTree = "<group>"; };
		1105E83F2B57CA3200E4D5CA /* HomeViewController.swift */ = {isa = PBXFileReference; lastKnownFileType = sourcecode.swift; path = HomeViewController.swift; sourceTree = "<group>"; };
		1105E8422B57CA3200E4D5CA /* Base */ = {isa = PBXFileReference; lastKnownFileType = file.storyboard; name = Base; path = Base.lproj/Main.storyboard; sourceTree = "<group>"; };
		1105E8442B57CA3400E4D5CA /* Assets.xcassets */ = {isa = PBXFileReference; lastKnownFileType = folder.assetcatalog; path = Assets.xcassets; sourceTree = "<group>"; };
		1105E8472B57CA3400E4D5CA /* Base */ = {isa = PBXFileReference; lastKnownFileType = file.storyboard; name = Base; path = Base.lproj/LaunchScreen.storyboard; sourceTree = "<group>"; };
		1105E8492B57CA3400E4D5CA /* Info.plist */ = {isa = PBXFileReference; lastKnownFileType = text.plist.xml; path = Info.plist; sourceTree = "<group>"; };
		1105E84F2B57CA5F00E4D5CA /* LoginViewController.swift */ = {isa = PBXFileReference; lastKnownFileType = sourcecode.swift; path = LoginViewController.swift; sourceTree = "<group>"; };
		1159E6082B58BE5D003AFB74 /* HomeViewModel.swift */ = {isa = PBXFileReference; lastKnownFileType = sourcecode.swift; path = HomeViewModel.swift; sourceTree = "<group>"; };
		118E5EA32B5877BB00519867 /* User.swift */ = {isa = PBXFileReference; lastKnownFileType = sourcecode.swift; path = User.swift; sourceTree = "<group>"; };
		118E5EA52B58780900519867 /* LoginViewModel.swift */ = {isa = PBXFileReference; lastKnownFileType = sourcecode.swift; path = LoginViewModel.swift; sourceTree = "<group>"; };
		118E5EA82B58789C00519867 /* ObservableObject.swift */ = {isa = PBXFileReference; lastKnownFileType = sourcecode.swift; path = ObservableObject.swift; sourceTree = "<group>"; };
		118E5EAA2B587C6000519867 /* NetworkService.swift */ = {isa = PBXFileReference; lastKnownFileType = sourcecode.swift; path = NetworkService.swift; sourceTree = "<group>"; };
/* End PBXFileReference section */

/* Begin PBXFrameworksBuildPhase section */
		1105E8352B57CA3200E4D5CA /* Frameworks */ = {
			isa = PBXFrameworksBuildPhase;
			buildActionMask = 2147483647;
			files = (
			);
			runOnlyForDeploymentPostprocessing = 0;
		};
/* End PBXFrameworksBuildPhase section */

/* Begin PBXGroup section */
		1105E82F2B57CA3200E4D5CA = {
			isa = PBXGroup;
			children = (
				1105E83A2B57CA3200E4D5CA /* MVVM_Okwara */,
				1105E8392B57CA3200E4D5CA /* Products */,
			);
			sourceTree = "<group>";
		};
		1105E8392B57CA3200E4D5CA /* Products */ = {
			isa = PBXGroup;
			children = (
				1105E8382B57CA3200E4D5CA /* MVVM_Okwara.app */,
			);
			name = Products;
			sourceTree = "<group>";
		};
		1105E83A2B57CA3200E4D5CA /* MVVM_Okwara */ = {
			isa = PBXGroup;
			children = (
				1159E6072B58BE4C003AFB74 /* HomeView */,
				118E5EA72B58781500519867 /* LoginView */,
				118E5EA32B5877BB00519867 /* User.swift */,
				118E5EA82B58789C00519867 /* ObservableObject.swift */,
				118E5EAA2B587C6000519867 /* NetworkService.swift */,
				1105E8412B57CA3200E4D5CA /* Main.storyboard */,
				1105E8442B57CA3400E4D5CA /* Assets.xcassets */,
				1105E8462B57CA3400E4D5CA /* LaunchScreen.storyboard */,
				1105E8492B57CA3400E4D5CA /* Info.plist */,
				1159E60A2B58BE6C003AFB74 /* Application */,
			);
			path = MVVM_Okwara;
			sourceTree = "<group>";
		};
		1159E6072B58BE4C003AFB74 /* HomeView */ = {
			isa = PBXGroup;
			children = (
				1105E83F2B57CA3200E4D5CA /* HomeViewController.swift */,
				1159E6082B58BE5D003AFB74 /* HomeViewModel.swift */,
			);
			path = HomeView;
			sourceTree = "<group>";
		};
		1159E60A2B58BE6C003AFB74 /* Application */ = {
			isa = PBXGroup;
			children = (
				1105E83B2B57CA3200E4D5CA /* AppDelegate.swift */,
				1105E83D2B57CA3200E4D5CA /* SceneDelegate.swift */,
			);
			path = Application;
			sourceTree = "<group>";
		};
		118E5EA72B58781500519867 /* LoginView */ = {
			isa = PBXGroup;
			children = (
				1105E84F2B57CA5F00E4D5CA /* LoginViewController.swift */,
				118E5EA52B58780900519867 /* LoginViewModel.swift */,
			);
			path = LoginView;
			sourceTree = "<group>";
		};
/* End PBXGroup section */

/* Begin PBXNativeTarget section */
		1105E8372B57CA3200E4D5CA /* MVVM_Okwara */ = {
			isa = PBXNativeTarget;
			buildConfigurationList = 1105E84C2B57CA3400E4D5CA /* Build configuration list for PBXNativeTarget "MVVM_Okwara" */;
			buildPhases = (
				1105E8342B57CA3200E4D5CA /* Sources */,
				1105E8352B57CA3200E4D5CA /* Frameworks */,
				1105E8362B57CA3200E4D5CA /* Resources */,
			);
			buildRules = (
			);
			dependencies = (
			);
			name = MVVM_Okwara;
			productName = MVVM_Okwara;
			productReference = 1105E8382B57CA3200E4D5CA /* MVVM_Okwara.app */;
			productType = "com.apple.product-type.application";
		};
/* End PBXNativeTarget section */

/* Begin PBXProject section */
		1105E8302B57CA3200E4D5CA /* Project object */ = {
			isa = PBXProject;
			attributes = {
				BuildIndependentTargetsInParallel = 1;
				LastSwiftUpdateCheck = 1520;
				LastUpgradeCheck = 1520;
				TargetAttributes = {
					1105E8372B57CA3200E4D5CA = {
						CreatedOnToolsVersion = 15.2;
					};
				};
			};
			buildConfigurationList = 1105E8332B57CA3200E4D5CA /* Build configuration list for PBXProject "MVVM_Okwara" */;
			compatibilityVersion = "Xcode 14.0";
			developmentRegion = en;
			hasScannedForEncodings = 0;
			knownRegions = (
				en,
				Base,
			);
			mainGroup = 1105E82F2B57CA3200E4D5CA;
			productRefGroup = 1105E8392B57CA3200E4D5CA /* Products */;
			projectDirPath = "";
			projectRoot = "";
			targets = (
				1105E8372B57CA3200E4D5CA /* MVVM_Okwara */,
			);
		};
/* End PBXProject section */

/* Begin PBXResourcesBuildPhase section */
		1105E8362B57CA3200E4D5CA /* Resources */ = {
			isa = PBXResourcesBuildPhase;
			buildActionMask = 2147483647;
			files = (
				1105E8482B57CA3400E4D5CA /* LaunchScreen.storyboard in Resources */,
				1105E8452B57CA3400E4D5CA /* Assets.xcassets in Resources */,
				1105E8432B57CA3200E4D5CA /* Main.storyboard in Resources */,
			);
			runOnlyForDeploymentPostprocessing = 0;
		};
/* End PBXResourcesBuildPhase section */

/* Begin PBXSourcesBuildPhase section */
		1105E8342B57CA3200E4D5CA /* Sources */ = {
			isa = PBXSourcesBuildPhase;
			buildActionMask = 2147483647;
			files = (
				1105E8502B57CA5F00E4D5CA /* LoginViewController.swift in Sources */,
				1159E6092B58BE5D003AFB74 /* HomeViewModel.swift in Sources */,
				1105E8402B57CA3200E4D5CA /* HomeViewController.swift in Sources */,
				118E5EAB2B587C6000519867 /* NetworkService.swift in Sources */,
				118E5EA62B58780900519867 /* LoginViewModel.swift in Sources */,
				1105E83C2B57CA3200E4D5CA /* AppDelegate.swift in Sources */,
				118E5EA92B58789C00519867 /* ObservableObject.swift in Sources */,
				118E5EA42B5877BB00519867 /* User.swift in Sources */,
				1105E83E2B57CA3200E4D5CA /* SceneDelegate.swift in Sources */,
			);
			runOnlyForDeploymentPostprocessing = 0;
		};
/* End PBXSourcesBuildPhase section */

/* Begin PBXVariantGroup section */
		1105E8412B57CA3200E4D5CA /* Main.storyboard */ = {
			isa = PBXVariantGroup;
			children = (
				1105E8422B57CA3200E4D5CA /* Base */,
			);
			name = Main.storyboard;
			sourceTree = "<group>";
		};
		1105E8462B57CA3400E4D5CA /* LaunchScreen.storyboard */ = {
			isa = PBXVariantGroup;
			children = (
				1105E8472B57CA3400E4D5CA /* Base */,
			);
			name = LaunchScreen.storyboard;
			sourceTree = "<group>";
		};
/* End PBXVariantGroup section */

/* Begin XCBuildConfiguration section */
		1105E84A2B57CA3400E4D5CA /* Debug */ = {
			isa = XCBuildConfiguration;
			buildSettings = {
				ALWAYS_SEARCH_USER_PATHS = NO;
				ASSETCATALOG_COMPILER_GENERATE_SWIFT_ASSET_SYMBOL_EXTENSIONS = YES;
				CLANG_ANALYZER_NONNULL = YES;
				CLANG_ANALYZER_NUMBER_OBJECT_CONVERSION = YES_AGGRESSIVE;
				CLANG_CXX_LANGUAGE_STANDARD = "gnu++20";
				CLANG_ENABLE_MODULES = YES;
				CLANG_ENABLE_OBJC_ARC = YES;
				CLANG_ENABLE_OBJC_WEAK = YES;
				CLANG_WARN_BLOCK_CAPTURE_AUTORELEASING = YES;
				CLANG_WARN_BOOL_CONVERSION = YES;
				CLANG_WARN_COMMA = YES;
				CLANG_WARN_CONSTANT_CONVERSION = YES;
				CLANG_WARN_DEPRECATED_OBJC_IMPLEMENTATIONS = YES;
				CLANG_WARN_DIRECT_OBJC_ISA_USAGE = YES_ERROR;
				CLANG_WARN_DOCUMENTATION_COMMENTS = YES;
				CLANG_WARN_EMPTY_BODY = YES;
				CLANG_WARN_ENUM_CONVERSION = YES;
				CLANG_WARN_INFINITE_RECURSION = YES;
				CLANG_WARN_INT_CONVERSION = YES;
				CLANG_WARN_NON_LITERAL_NULL_CONVERSION = YES;
				CLANG_WARN_OBJC_IMPLICIT_RETAIN_SELF = YES;
				CLANG_WARN_OBJC_LITERAL_CONVERSION = YES;
				CLANG_WARN_OBJC_ROOT_CLASS = YES_ERROR;
				CLANG_WARN_QUOTED_INCLUDE_IN_FRAMEWORK_HEADER = YES;
				CLANG_WARN_RANGE_LOOP_ANALYSIS = YES;
				CLANG_WARN_STRICT_PROTOTYPES = YES;
				CLANG_WARN_SUSPICIOUS_MOVE = YES;
				CLANG_WARN_UNGUARDED_AVAILABILITY = YES_AGGRESSIVE;
				CLANG_WARN_UNREACHABLE_CODE = YES;
				CLANG_WARN__DUPLICATE_METHOD_MATCH = YES;
				COPY_PHASE_STRIP = NO;
				DEBUG_INFORMATION_FORMAT = dwarf;
				ENABLE_STRICT_OBJC_MSGSEND = YES;
				ENABLE_TESTABILITY = YES;
				ENABLE_USER_SCRIPT_SANDBOXING = YES;
				GCC_C_LANGUAGE_STANDARD = gnu17;
				GCC_DYNAMIC_NO_PIC = NO;
				GCC_NO_COMMON_BLOCKS = YES;
				GCC_OPTIMIZATION_LEVEL = 0;
				GCC_PREPROCESSOR_DEFINITIONS = (
					"DEBUG=1",
					"$(inherited)",
				);
				GCC_WARN_64_TO_32_BIT_CONVERSION = YES;
				GCC_WARN_ABOUT_RETURN_TYPE = YES_ERROR;
				GCC_WARN_UNDECLARED_SELECTOR = YES;
				GCC_WARN_UNINITIALIZED_AUTOS = YES_AGGRESSIVE;
				GCC_WARN_UNUSED_FUNCTION = YES;
				GCC_WARN_UNUSED_VARIABLE = YES;
				IPHONEOS_DEPLOYMENT_TARGET = 17.2;
				LOCALIZATION_PREFERS_STRING_CATALOGS = YES;
				MTL_ENABLE_DEBUG_INFO = INCLUDE_SOURCE;
				MTL_FAST_MATH = YES;
				ONLY_ACTIVE_ARCH = YES;
				SDKROOT = iphoneos;
				SWIFT_ACTIVE_COMPILATION_CONDITIONS = "DEBUG $(inherited)";
				SWIFT_OPTIMIZATION_LEVEL = "-Onone";
			};
			name = Debug;
		};
		1105E84B2B57CA3400E4D5CA /* Release */ = {
			isa = XCBuildConfiguration;
			buildSettings = {
				ALWAYS_SEARCH_USER_PATHS = NO;
				ASSETCATALOG_COMPILER_GENERATE_SWIFT_ASSET_SYMBOL_EXTENSIONS = YES;
				CLANG_ANALYZER_NONNULL = YES;
				CLANG_ANALYZER_NUMBER_OBJECT_CONVERSION = YES_AGGRESSIVE;
				CLANG_CXX_LANGUAGE_STANDARD = "gnu++20";
				CLANG_ENABLE_MODULES = YES;
				CLANG_ENABLE_OBJC_ARC = YES;
				CLANG_ENABLE_OBJC_WEAK = YES;
				CLANG_WARN_BLOCK_CAPTURE_AUTORELEASING = YES;
				CLANG_WARN_BOOL_CONVERSION = YES;
				CLANG_WARN_COMMA = YES;
				CLANG_WARN_CONSTANT_CONVERSION = YES;
				CLANG_WARN_DEPRECATED_OBJC_IMPLEMENTATIONS = YES;
				CLANG_WARN_DIRECT_OBJC_ISA_USAGE = YES_ERROR;
				CLANG_WARN_DOCUMENTATION_COMMENTS = YES;
				CLANG_WARN_EMPTY_BODY = YES;
				CLANG_WARN_ENUM_CONVERSION = YES;
				CLANG_WARN_INFINITE_RECURSION = YES;
				CLANG_WARN_INT_CONVERSION = YES;
				CLANG_WARN_NON_LITERAL_NULL_CONVERSION = YES;
				CLANG_WARN_OBJC_IMPLICIT_RETAIN_SELF = YES;
				CLANG_WARN_OBJC_LITERAL_CONVERSION = YES;
				CLANG_WARN_OBJC_ROOT_CLASS = YES_ERROR;
				CLANG_WARN_QUOTED_INCLUDE_IN_FRAMEWORK_HEADER = YES;
				CLANG_WARN_RANGE_LOOP_ANALYSIS = YES;
				CLANG_WARN_STRICT_PROTOTYPES = YES;
				CLANG_WARN_SUSPICIOUS_MOVE = YES;
				CLANG_WARN_UNGUARDED_AVAILABILITY = YES_AGGRESSIVE;
				CLANG_WARN_UNREACHABLE_CODE = YES;
				CLANG_WARN__DUPLICATE_METHOD_MATCH = YES;
				COPY_PHASE_STRIP = NO;
				DEBUG_INFORMATION_FORMAT = "dwarf-with-dsym";
				ENABLE_NS_ASSERTIONS = NO;
				ENABLE_STRICT_OBJC_MSGSEND = YES;
				ENABLE_USER_SCRIPT_SANDBOXING = YES;
				GCC_C_LANGUAGE_STANDARD = gnu17;
				GCC_NO_COMMON_BLOCKS = YES;
				GCC_WARN_64_TO_32_BIT_CONVERSION = YES;
				GCC_WARN_ABOUT_RETURN_TYPE = YES_ERROR;
				GCC_WARN_UNDECLARED_SELECTOR = YES;
				GCC_WARN_UNINITIALIZED_AUTOS = YES_AGGRESSIVE;
				GCC_WARN_UNUSED_FUNCTION = YES;
				GCC_WARN_UNUSED_VARIABLE = YES;
				IPHONEOS_DEPLOYMENT_TARGET = 17.2;
				LOCALIZATION_PREFERS_STRING_CATALOGS = YES;
				MTL_ENABLE_DEBUG_INFO = NO;
				MTL_FAST_MATH = YES;
				SDKROOT = iphoneos;
				SWIFT_COMPILATION_MODE = wholemodule;
				VALIDATE_PRODUCT = YES;
			};
			name = Release;
		};
		1105E84D2B57CA3400E4D5CA /* Debug */ = {
			isa = XCBuildConfiguration;
			buildSettings = {
				ASSETCATALOG_COMPILER_APPICON_NAME = AppIcon;
				ASSETCATALOG_COMPILER_GLOBAL_ACCENT_COLOR_NAME = AccentColor;
				CODE_SIGN_STYLE = Automatic;
				CURRENT_PROJECT_VERSION = 1;
				DEVELOPMENT_TEAM = 45KC6823ML;
				GENERATE_INFOPLIST_FILE = YES;
				INFOPLIST_FILE = MVVM_Okwara/Info.plist;
				INFOPLIST_KEY_UIApplicationSupportsIndirectInputEvents = YES;
				INFOPLIST_KEY_UILaunchStoryboardName = LaunchScreen;
				INFOPLIST_KEY_UIMainStoryboardFile = Main;
				INFOPLIST_KEY_UISupportedInterfaceOrientations_iPad = "UIInterfaceOrientationPortrait UIInterfaceOrientationPortraitUpsideDown UIInterfaceOrientationLandscapeLeft UIInterfaceOrientationLandscapeRight";
				INFOPLIST_KEY_UISupportedInterfaceOrientations_iPhone = "UIInterfaceOrientationPortrait UIInterfaceOrientationLandscapeLeft UIInterfaceOrientationLandscapeRight";
				LD_RUNPATH_SEARCH_PATHS = (
					"$(inherited)",
					"@executable_path/Frameworks",
				);
				MARKETING_VERSION = 1.0;
				PRODUCT_BUNDLE_IDENTIFIER = "com.kaska.MVVM-Okwara";
				PRODUCT_NAME = "$(TARGET_NAME)";
				SWIFT_EMIT_LOC_STRINGS = YES;
				SWIFT_VERSION = 5.0;
				TARGETED_DEVICE_FAMILY = "1,2";
			};
			name = Debug;
		};
		1105E84E2B57CA3400E4D5CA /* Release */ = {
			isa = XCBuildConfiguration;
			buildSettings = {
				ASSETCATALOG_COMPILER_APPICON_NAME = AppIcon;
				ASSETCATALOG_COMPILER_GLOBAL_ACCENT_COLOR_NAME = AccentColor;
				CODE_SIGN_STYLE = Automatic;
				CURRENT_PROJECT_VERSION = 1;
				DEVELOPMENT_TEAM = 45KC6823ML;
				GENERATE_INFOPLIST_FILE = YES;
				INFOPLIST_FILE = MVVM_Okwara/Info.plist;
				INFOPLIST_KEY_UIApplicationSupportsIndirectInputEvents = YES;
				INFOPLIST_KEY_UILaunchStoryboardName = LaunchScreen;
				INFOPLIST_KEY_UIMainStoryboardFile = Main;
				INFOPLIST_KEY_UISupportedInterfaceOrientations_iPad = "UIInterfaceOrientationPortrait UIInterfaceOrientationPortraitUpsideDown UIInterfaceOrientationLandscapeLeft UIInterfaceOrientationLandscapeRight";
				INFOPLIST_KEY_UISupportedInterfaceOrientations_iPhone = "UIInterfaceOrientationPortrait UIInterfaceOrientationLandscapeLeft UIInterfaceOrientationLandscapeRight";
				LD_RUNPATH_SEARCH_PATHS = (
					"$(inherited)",
					"@executable_path/Frameworks",
				);
				MARKETING_VERSION = 1.0;
				PRODUCT_BUNDLE_IDENTIFIER = "com.kaska.MVVM-Okwara";
				PRODUCT_NAME = "$(TARGET_NAME)";
				SWIFT_EMIT_LOC_STRINGS = YES;
				SWIFT_VERSION = 5.0;
				TARGETED_DEVICE_FAMILY = "1,2";
			};
			name = Release;
		};
/* End XCBuildConfiguration section */

/* Begin XCConfigurationList section */
		1105E8332B57CA3200E4D5CA /* Build configuration list for PBXProject "MVVM_Okwara" */ = {
			isa = XCConfigurationList;
			buildConfigurations = (
				1105E84A2B57CA3400E4D5CA /* Debug */,
				1105E84B2B57CA3400E4D5CA /* Release */,
			);
			defaultConfigurationIsVisible = 0;
			defaultConfigurationName = Release;
		};
		1105E84C2B57CA3400E4D5CA /* Build configuration list for PBXNativeTarget "MVVM_Okwara" */ = {
			isa = XCConfigurationList;
			buildConfigurations = (
				1105E84D2B57CA3400E4D5CA /* Debug */,
				1105E84E2B57CA3400E4D5CA /* Release */,
			);
			defaultConfigurationIsVisible = 0;
			defaultConfigurationName = Release;
		};
/* End XCConfigurationList section */
	};
	rootObject = 1105E8302B57CA3200E4D5CA /* Project object */;
}
